// !$*UTF8*$!
{
	archiveVersion = 1;
	classes = {
	};
	objectVersion = 50;
	objects = {

/* Begin PBXBuildFile section */
		BB4376682482F3310095CDBD /* AppDelegate.swift in Sources */ = {isa = PBXBuildFile; fileRef = BB4376672482F3310095CDBD /* AppDelegate.swift */; };
		BB43766A2482F3310095CDBD /* SceneDelegate.swift in Sources */ = {isa = PBXBuildFile; fileRef = BB4376692482F3310095CDBD /* SceneDelegate.swift */; };
		BB43766C2482F3310095CDBD /* ViewController.swift in Sources */ = {isa = PBXBuildFile; fileRef = BB43766B2482F3310095CDBD /* ViewController.swift */; };
		BB43766F2482F3310095CDBD /* Main.storyboard in Resources */ = {isa = PBXBuildFile; fileRef = BB43766D2482F3310095CDBD /* Main.storyboard */; };
		BB4376712482F3330095CDBD /* Assets.xcassets in Resources */ = {isa = PBXBuildFile; fileRef = BB4376702482F3330095CDBD /* Assets.xcassets */; };
		BB4376742482F3330095CDBD /* LaunchScreen.storyboard in Resources */ = {isa = PBXBuildFile; fileRef = BB4376722482F3330095CDBD /* LaunchScreen.storyboard */; };
		BB43767F2482F3330095CDBD /* MandalaTests.swift in Sources */ = {isa = PBXBuildFile; fileRef = BB43767E2482F3330095CDBD /* MandalaTests.swift */; };
		BB43768A2482F3330095CDBD /* MandalaUITests.swift in Sources */ = {isa = PBXBuildFile; fileRef = BB4376892482F3330095CDBD /* MandalaUITests.swift */; };
/* End PBXBuildFile section */

/* Begin PBXContainerItemProxy section */
		BB43767B2482F3330095CDBD /* PBXContainerItemProxy */ = {
			isa = PBXContainerItemProxy;
			containerPortal = BB43765C2482F3310095CDBD /* Project object */;
			proxyType = 1;
			remoteGlobalIDString = BB4376632482F3310095CDBD;
			remoteInfo = Mandala;
		};
		BB4376862482F3330095CDBD /* PBXContainerItemProxy */ = {
			isa = PBXContainerItemProxy;
			containerPortal = BB43765C2482F3310095CDBD /* Project object */;
			proxyType = 1;
			remoteGlobalIDString = BB4376632482F3310095CDBD;
			remoteInfo = Mandala;
		};
/* End PBXContainerItemProxy section */

/* Begin PBXFileReference section */
		BB4376642482F3310095CDBD /* Mandala.app */ = {isa = PBXFileReference; explicitFileType = wrapper.application; includeInIndex = 0; path = Mandala.app; sourceTree = BUILT_PRODUCTS_DIR; };
		BB4376672482F3310095CDBD /* AppDelegate.swift */ = {isa = PBXFileReference; lastKnownFileType = sourcecode.swift; path = AppDelegate.swift; sourceTree = "<group>"; };
		BB4376692482F3310095CDBD /* SceneDelegate.swift */ = {isa = PBXFileReference; lastKnownFileType = sourcecode.swift; path = SceneDelegate.swift; sourceTree = "<group>"; };
		BB43766B2482F3310095CDBD /* ViewController.swift */ = {isa = PBXFileReference; lastKnownFileType = sourcecode.swift; path = ViewController.swift; sourceTree = "<group>"; };
		BB43766E2482F3310095CDBD /* Base */ = {isa = PBXFileReference; lastKnownFileType = file.storyboard; name = Base; path = Base.lproj/Main.storyboard; sourceTree = "<group>"; };
		BB4376702482F3330095CDBD /* Assets.xcassets */ = {isa = PBXFileReference; lastKnownFileType = folder.assetcatalog; path = Assets.xcassets; sourceTree = "<group>"; };
		BB4376732482F3330095CDBD /* Base */ = {isa = PBXFileReference; lastKnownFileType = file.storyboard; name = Base; path = Base.lproj/LaunchScreen.storyboard; sourceTree = "<group>"; };
		BB4376752482F3330095CDBD /* Info.plist */ = {isa = PBXFileReference; lastKnownFileType = text.plist.xml; path = Info.plist; sourceTree = "<group>"; };
		BB43767A2482F3330095CDBD /* MandalaTests.xctest */ = {isa = PBXFileReference; explicitFileType = wrapper.cfbundle; includeInIndex = 0; path = MandalaTests.xctest; sourceTree = BUILT_PRODUCTS_DIR; };
		BB43767E2482F3330095CDBD /* MandalaTests.swift */ = {isa = PBXFileReference; lastKnownFileType = sourcecode.swift; path = MandalaTests.swift; sourceTree = "<group>"; };
		BB4376802482F3330095CDBD /* Info.plist */ = {isa = PBXFileReference; lastKnownFileType = text.plist.xml; path = Info.plist; sourceTree = "<group>"; };
		BB4376852482F3330095CDBD /* MandalaUITests.xctest */ = {isa = PBXFileReference; explicitFileType = wrapper.cfbundle; includeInIndex = 0; path = MandalaUITests.xctest; sourceTree = BUILT_PRODUCTS_DIR; };
		BB4376892482F3330095CDBD /* MandalaUITests.swift */ = {isa = PBXFileReference; lastKnownFileType = sourcecode.swift; path = MandalaUITests.swift; sourceTree = "<group>"; };
		BB43768B2482F3330095CDBD /* Info.plist */ = {isa = PBXFileReference; lastKnownFileType = text.plist.xml; path = Info.plist; sourceTree = "<group>"; };
/* End PBXFileReference section */

/* Begin PBXFrameworksBuildPhase section */
		BB4376612482F3310095CDBD /* Frameworks */ = {
			isa = PBXFrameworksBuildPhase;
			buildActionMask = 2147483647;
			files = (
			);
			runOnlyForDeploymentPostprocessing = 0;
		};
		BB4376772482F3330095CDBD /* Frameworks */ = {
			isa = PBXFrameworksBuildPhase;
			buildActionMask = 2147483647;
			files = (
			);
			runOnlyForDeploymentPostprocessing = 0;
		};
		BB4376822482F3330095CDBD /* Frameworks */ = {
			isa = PBXFrameworksBuildPhase;
			buildActionMask = 2147483647;
			files = (
			);
			runOnlyForDeploymentPostprocessing = 0;
		};
/* End PBXFrameworksBuildPhase section */

/* Begin PBXGroup section */
		BB43765B2482F3310095CDBD = {
			isa = PBXGroup;
			children = (
				BB4376662482F3310095CDBD /* Mandala */,
				BB43767D2482F3330095CDBD /* MandalaTests */,
				BB4376882482F3330095CDBD /* MandalaUITests */,
				BB4376652482F3310095CDBD /* Products */,
			);
			sourceTree = "<group>";
		};
		BB4376652482F3310095CDBD /* Products */ = {
			isa = PBXGroup;
			children = (
				BB4376642482F3310095CDBD /* Mandala.app */,
				BB43767A2482F3330095CDBD /* MandalaTests.xctest */,
				BB4376852482F3330095CDBD /* MandalaUITests.xctest */,
			);
			name = Products;
			sourceTree = "<group>";
		};
		BB4376662482F3310095CDBD /* Mandala */ = {
			isa = PBXGroup;
			children = (
				BB4376672482F3310095CDBD /* AppDelegate.swift */,
				BB4376692482F3310095CDBD /* SceneDelegate.swift */,
				BB43766B2482F3310095CDBD /* ViewController.swift */,
				BB43766D2482F3310095CDBD /* Main.storyboard */,
				BB4376702482F3330095CDBD /* Assets.xcassets */,
				BB4376722482F3330095CDBD /* LaunchScreen.storyboard */,
				BB4376752482F3330095CDBD /* Info.plist */,
			);
			path = Mandala;
			sourceTree = "<group>";
		};
		BB43767D2482F3330095CDBD /* MandalaTests */ = {
			isa = PBXGroup;
			children = (
				BB43767E2482F3330095CDBD /* MandalaTests.swift */,
				BB4376802482F3330095CDBD /* Info.plist */,
			);
			path = MandalaTests;
			sourceTree = "<group>";
		};
		BB4376882482F3330095CDBD /* MandalaUITests */ = {
			isa = PBXGroup;
			children = (
				BB4376892482F3330095CDBD /* MandalaUITests.swift */,
				BB43768B2482F3330095CDBD /* Info.plist */,
			);
			path = MandalaUITests;
			sourceTree = "<group>";
		};
/* End PBXGroup section */

/* Begin PBXNativeTarget section */
		BB4376632482F3310095CDBD /* Mandala */ = {
			isa = PBXNativeTarget;
			buildConfigurationList = BB43768E2482F3330095CDBD /* Build configuration list for PBXNativeTarget "Mandala" */;
			buildPhases = (
				BB4376602482F3310095CDBD /* Sources */,
				BB4376612482F3310095CDBD /* Frameworks */,
				BB4376622482F3310095CDBD /* Resources */,
			);
			buildRules = (
			);
			dependencies = (
			);
			name = Mandala;
			productName = Mandala;
			productReference = BB4376642482F3310095CDBD /* Mandala.app */;
			productType = "com.apple.product-type.application";
		};
		BB4376792482F3330095CDBD /* MandalaTests */ = {
			isa = PBXNativeTarget;
			buildConfigurationList = BB4376912482F3330095CDBD /* Build configuration list for PBXNativeTarget "MandalaTests" */;
			buildPhases = (
				BB4376762482F3330095CDBD /* Sources */,
				BB4376772482F3330095CDBD /* Frameworks */,
				BB4376782482F3330095CDBD /* Resources */,
			);
			buildRules = (
			);
			dependencies = (
				BB43767C2482F3330095CDBD /* PBXTargetDependency */,
			);
			name = MandalaTests;
			productName = MandalaTests;
			productReference = BB43767A2482F3330095CDBD /* MandalaTests.xctest */;
			productType = "com.apple.product-type.bundle.unit-test";
		};
		BB4376842482F3330095CDBD /* MandalaUITests */ = {
			isa = PBXNativeTarget;
			buildConfigurationList = BB4376942482F3330095CDBD /* Build configuration list for PBXNativeTarget "MandalaUITests" */;
			buildPhases = (
				BB4376812482F3330095CDBD /* Sources */,
				BB4376822482F3330095CDBD /* Frameworks */,
				BB4376832482F3330095CDBD /* Resources */,
			);
			buildRules = (
			);
			dependencies = (
				BB4376872482F3330095CDBD /* PBXTargetDependency */,
			);
			name = MandalaUITests;
			productName = MandalaUITests;
			productReference = BB4376852482F3330095CDBD /* MandalaUITests.xctest */;
			productType = "com.apple.product-type.bundle.ui-testing";
		};
/* End PBXNativeTarget section */

/* Begin PBXProject section */
		BB43765C2482F3310095CDBD /* Project object */ = {
			isa = PBXProject;
			attributes = {
				LastSwiftUpdateCheck = 1130;
				LastUpgradeCheck = 1130;
				ORGANIZATIONNAME = "Glenn Cole";
				TargetAttributes = {
					BB4376632482F3310095CDBD = {
						CreatedOnToolsVersion = 11.3.1;
					};
					BB4376792482F3330095CDBD = {
						CreatedOnToolsVersion = 11.3.1;
						TestTargetID = BB4376632482F3310095CDBD;
					};
					BB4376842482F3330095CDBD = {
						CreatedOnToolsVersion = 11.3.1;
						TestTargetID = BB4376632482F3310095CDBD;
					};
				};
			};
			buildConfigurationList = BB43765F2482F3310095CDBD /* Build configuration list for PBXProject "Mandala" */;
			compatibilityVersion = "Xcode 9.3";
			developmentRegion = en;
			hasScannedForEncodings = 0;
			knownRegions = (
				en,
				Base,
			);
			mainGroup = BB43765B2482F3310095CDBD;
			productRefGroup = BB4376652482F3310095CDBD /* Products */;
			projectDirPath = "";
			projectRoot = "";
			targets = (
				BB4376632482F3310095CDBD /* Mandala */,
				BB4376792482F3330095CDBD /* MandalaTests */,
				BB4376842482F3330095CDBD /* MandalaUITests */,
			);
		};
/* End PBXProject section */

/* Begin PBXResourcesBuildPhase section */
		BB4376622482F3310095CDBD /* Resources */ = {
			isa = PBXResourcesBuildPhase;
			buildActionMask = 2147483647;
			files = (
				BB4376742482F3330095CDBD /* LaunchScreen.storyboard in Resources */,
				BB4376712482F3330095CDBD /* Assets.xcassets in Resources */,
				BB43766F2482F3310095CDBD /* Main.storyboard in Resources */,
			);
			runOnlyForDeploymentPostprocessing = 0;
		};
		BB4376782482F3330095CDBD /* Resources */ = {
			isa = PBXResourcesBuildPhase;
			buildActionMask = 2147483647;
			files = (
			);
			runOnlyForDeploymentPostprocessing = 0;
		};
		BB4376832482F3330095CDBD /* Resources */ = {
			isa = PBXResourcesBuildPhase;
			buildActionMask = 2147483647;
			files = (
			);
			runOnlyForDeploymentPostprocessing = 0;
		};
/* End PBXResourcesBuildPhase section */

/* Begin PBXSourcesBuildPhase section */
		BB4376602482F3310095CDBD /* Sources */ = {
			isa = PBXSourcesBuildPhase;
			buildActionMask = 2147483647;
			files = (
				BB43766C2482F3310095CDBD /* ViewController.swift in Sources */,
				BB4376682482F3310095CDBD /* AppDelegate.swift in Sources */,
				BB43766A2482F3310095CDBD /* SceneDelegate.swift in Sources */,
			);
			runOnlyForDeploymentPostprocessing = 0;
		};
		BB4376762482F3330095CDBD /* Sources */ = {
			isa = PBXSourcesBuildPhase;
			buildActionMask = 2147483647;
			files = (
				BB43767F2482F3330095CDBD /* MandalaTests.swift in Sources */,
			);
			runOnlyForDeploymentPostprocessing = 0;
		};
		BB4376812482F3330095CDBD /* Sources */ = {
			isa = PBXSourcesBuildPhase;
			buildActionMask = 2147483647;
			files = (
				BB43768A2482F3330095CDBD /* MandalaUITests.swift in Sources */,
			);
			runOnlyForDeploymentPostprocessing = 0;
		};
/* End PBXSourcesBuildPhase section */

/* Begin PBXTargetDependency section */
		BB43767C2482F3330095CDBD /* PBXTargetDependency */ = {
			isa = PBXTargetDependency;
			target = BB4376632482F3310095CDBD /* Mandala */;
			targetProxy = BB43767B2482F3330095CDBD /* PBXContainerItemProxy */;
		};
		BB4376872482F3330095CDBD /* PBXTargetDependency */ = {
			isa = PBXTargetDependency;
			target = BB4376632482F3310095CDBD /* Mandala */;
			targetProxy = BB4376862482F3330095CDBD /* PBXContainerItemProxy */;
		};
/* End PBXTargetDependency section */

/* Begin PBXVariantGroup section */
		BB43766D2482F3310095CDBD /* Main.storyboard */ = {
			isa = PBXVariantGroup;
			children = (
				BB43766E2482F3310095CDBD /* Base */,
			);
			name = Main.storyboard;
			sourceTree = "<group>";
		};
		BB4376722482F3330095CDBD /* LaunchScreen.storyboard */ = {
			isa = PBXVariantGroup;
			children = (
				BB4376732482F3330095CDBD /* Base */,
			);
			name = LaunchScreen.storyboard;
			sourceTree = "<group>";
		};
/* End PBXVariantGroup section */

/* Begin XCBuildConfiguration section */
		BB43768C2482F3330095CDBD /* Debug */ = {
			isa = XCBuildConfiguration;
			buildSettings = {
				ALWAYS_SEARCH_USER_PATHS = NO;
				CLANG_ANALYZER_NONNULL = YES;
				CLANG_ANALYZER_NUMBER_OBJECT_CONVERSION = YES_AGGRESSIVE;
				CLANG_CXX_LANGUAGE_STANDARD = "gnu++14";
				CLANG_CXX_LIBRARY = "libc++";
				CLANG_ENABLE_MODULES = YES;
				CLANG_ENABLE_OBJC_ARC = YES;
				CLANG_ENABLE_OBJC_WEAK = YES;
				CLANG_WARN_BLOCK_CAPTURE_AUTORELEASING = YES;
				CLANG_WARN_BOOL_CONVERSION = YES;
				CLANG_WARN_COMMA = YES;
				CLANG_WARN_CONSTANT_CONVERSION = YES;
				CLANG_WARN_DEPRECATED_OBJC_IMPLEMENTATIONS = YES;
				CLANG_WARN_DIRECT_OBJC_ISA_USAGE = YES_ERROR;
				CLANG_WARN_DOCUMENTATION_COMMENTS = YES;
				CLANG_WARN_EMPTY_BODY = YES;
				CLANG_WARN_ENUM_CONVERSION = YES;
				CLANG_WARN_INFINITE_RECURSION = YES;
				CLANG_WARN_INT_CONVERSION = YES;
				CLANG_WARN_NON_LITERAL_NULL_CONVERSION = YES;
				CLANG_WARN_OBJC_IMPLICIT_RETAIN_SELF = YES;
				CLANG_WARN_OBJC_LITERAL_CONVERSION = YES;
				CLANG_WARN_OBJC_ROOT_CLASS = YES_ERROR;
				CLANG_WARN_RANGE_LOOP_ANALYSIS = YES;
				CLANG_WARN_STRICT_PROTOTYPES = YES;
				CLANG_WARN_SUSPICIOUS_MOVE = YES;
				CLANG_WARN_UNGUARDED_AVAILABILITY = YES_AGGRESSIVE;
				CLANG_WARN_UNREACHABLE_CODE = YES;
				CLANG_WARN__DUPLICATE_METHOD_MATCH = YES;
				COPY_PHASE_STRIP = NO;
				DEBUG_INFORMATION_FORMAT = dwarf;
				ENABLE_STRICT_OBJC_MSGSEND = YES;
				ENABLE_TESTABILITY = YES;
				GCC_C_LANGUAGE_STANDARD = gnu11;
				GCC_DYNAMIC_NO_PIC = NO;
				GCC_NO_COMMON_BLOCKS = YES;
				GCC_OPTIMIZATION_LEVEL = 0;
				GCC_PREPROCESSOR_DEFINITIONS = (
					"DEBUG=1",
					"$(inherited)",
				);
				GCC_WARN_64_TO_32_BIT_CONVERSION = YES;
				GCC_WARN_ABOUT_RETURN_TYPE = YES_ERROR;
				GCC_WARN_UNDECLARED_SELECTOR = YES;
				GCC_WARN_UNINITIALIZED_AUTOS = YES_AGGRESSIVE;
				GCC_WARN_UNUSED_FUNCTION = YES;
				GCC_WARN_UNUSED_VARIABLE = YES;
				IPHONEOS_DEPLOYMENT_TARGET = 13.2;
				MTL_ENABLE_DEBUG_INFO = INCLUDE_SOURCE;
				MTL_FAST_MATH = YES;
				ONLY_ACTIVE_ARCH = YES;
				SDKROOT = iphoneos;
				SWIFT_ACTIVE_COMPILATION_CONDITIONS = DEBUG;
				SWIFT_OPTIMIZATION_LEVEL = "-Onone";
			};
			name = Debug;
		};
		BB43768D2482F3330095CDBD /* Release */ = {
			isa = XCBuildConfiguration;
			buildSettings = {
				ALWAYS_SEARCH_USER_PATHS = NO;
				CLANG_ANALYZER_NONNULL = YES;
				CLANG_ANALYZER_NUMBER_OBJECT_CONVERSION = YES_AGGRESSIVE;
				CLANG_CXX_LANGUAGE_STANDARD = "gnu++14";
				CLANG_CXX_LIBRARY = "libc++";
				CLANG_ENABLE_MODULES = YES;
				CLANG_ENABLE_OBJC_ARC = YES;
				CLANG_ENABLE_OBJC_WEAK = YES;
				CLANG_WARN_BLOCK_CAPTURE_AUTORELEASING = YES;
				CLANG_WARN_BOOL_CONVERSION = YES;
				CLANG_WARN_COMMA = YES;
				CLANG_WARN_CONSTANT_CONVERSION = YES;
				CLANG_WARN_DEPRECATED_OBJC_IMPLEMENTATIONS = YES;
				CLANG_WARN_DIRECT_OBJC_ISA_USAGE = YES_ERROR;
				CLANG_WARN_DOCUMENTATION_COMMENTS = YES;
				CLANG_WARN_EMPTY_BODY = YES;
				CLANG_WARN_ENUM_CONVERSION = YES;
				CLANG_WARN_INFINITE_RECURSION = YES;
				CLANG_WARN_INT_CONVERSION = YES;
				CLANG_WARN_NON_LITERAL_NULL_CONVERSION = YES;
				CLANG_WARN_OBJC_IMPLICIT_RETAIN_SELF = YES;
				CLANG_WARN_OBJC_LITERAL_CONVERSION = YES;
				CLANG_WARN_OBJC_ROOT_CLASS = YES_ERROR;
				CLANG_WARN_RANGE_LOOP_ANALYSIS = YES;
				CLANG_WARN_STRICT_PROTOTYPES = YES;
				CLANG_WARN_SUSPICIOUS_MOVE = YES;
				CLANG_WARN_UNGUARDED_AVAILABILITY = YES_AGGRESSIVE;
				CLANG_WARN_UNREACHABLE_CODE = YES;
				CLANG_WARN__DUPLICATE_METHOD_MATCH = YES;
				COPY_PHASE_STRIP = NO;
				DEBUG_INFORMATION_FORMAT = "dwarf-with-dsym";
				ENABLE_NS_ASSERTIONS = NO;
				ENABLE_STRICT_OBJC_MSGSEND = YES;
				GCC_C_LANGUAGE_STANDARD = gnu11;
				GCC_NO_COMMON_BLOCKS = YES;
				GCC_WARN_64_TO_32_BIT_CONVERSION = YES;
				GCC_WARN_ABOUT_RETURN_TYPE = YES_ERROR;
				GCC_WARN_UNDECLARED_SELECTOR = YES;
				GCC_WARN_UNINITIALIZED_AUTOS = YES_AGGRESSIVE;
				GCC_WARN_UNUSED_FUNCTION = YES;
				GCC_WARN_UNUSED_VARIABLE = YES;
				IPHONEOS_DEPLOYMENT_TARGET = 13.2;
				MTL_ENABLE_DEBUG_INFO = NO;
				MTL_FAST_MATH = YES;
				SDKROOT = iphoneos;
				SWIFT_COMPILATION_MODE = wholemodule;
				SWIFT_OPTIMIZATION_LEVEL = "-O";
				VALIDATE_PRODUCT = YES;
			};
			name = Release;
		};
		BB43768F2482F3330095CDBD /* Debug */ = {
			isa = XCBuildConfiguration;
			buildSettings = {
				ASSETCATALOG_COMPILER_APPICON_NAME = AppIcon;
				CODE_SIGN_STYLE = Automatic;
				DEVELOPMENT_TEAM = S2U6L9RWHC;
				INFOPLIST_FILE = Mandala/Info.plist;
				LD_RUNPATH_SEARCH_PATHS = (
					"$(inherited)",
					"@executable_path/Frameworks",
				);
				PRODUCT_BUNDLE_IDENTIFIER = "com.software-al-dente.Mandala";
				PRODUCT_NAME = "$(TARGET_NAME)";
				SWIFT_VERSION = 5.0;
				TARGETED_DEVICE_FAMILY = "1,2";
			};
			name = Debug;
		};
		BB4376902482F3330095CDBD /* Release */ = {
			isa = XCBuildConfiguration;
			buildSettings = {
				ASSETCATALOG_COMPILER_APPICON_NAME = AppIcon;
				CODE_SIGN_STYLE = Automatic;
				DEVELOPMENT_TEAM = S2U6L9RWHC;
				INFOPLIST_FILE = Mandala/Info.plist;
				LD_RUNPATH_SEARCH_PATHS = (
					"$(inherited)",
					"@executable_path/Frameworks",
				);
				PRODUCT_BUNDLE_IDENTIFIER = "com.software-al-dente.Mandala";
				PRODUCT_NAME = "$(TARGET_NAME)";
				SWIFT_VERSION = 5.0;
				TARGETED_DEVICE_FAMILY = "1,2";
			};
			name = Release;
		};
		BB4376922482F3330095CDBD /* Debug */ = {
			isa = XCBuildConfiguration;
			buildSettings = {
				ALWAYS_EMBED_SWIFT_STANDARD_LIBRARIES = YES;
				BUNDLE_LOADER = "$(TEST_HOST)";
				CODE_SIGN_STYLE = Automatic;
				DEVELOPMENT_TEAM = S2U6L9RWHC;
				INFOPLIST_FILE = MandalaTests/Info.plist;
				IPHONEOS_DEPLOYMENT_TARGET = 13.2;
				LD_RUNPATH_SEARCH_PATHS = (
					"$(inherited)",
					"@executable_path/Frameworks",
					"@loader_path/Frameworks",
				);
				PRODUCT_BUNDLE_IDENTIFIER = "com.software-al-dente.MandalaTests";
				PRODUCT_NAME = "$(TARGET_NAME)";
				SWIFT_VERSION = 5.0;
				TARGETED_DEVICE_FAMILY = "1,2";
				TEST_HOST = "$(BUILT_PRODUCTS_DIR)/Mandala.app/Mandala";
			};
			name = Debug;
		};
		BB4376932482F3330095CDBD /* Release */ = {
			isa = XCBuildConfiguration;
			buildSettings = {
				ALWAYS_EMBED_SWIFT_STANDARD_LIBRARIES = YES;
				BUNDLE_LOADER = "$(TEST_HOST)";
				CODE_SIGN_STYLE = Automatic;
				DEVELOPMENT_TEAM = S2U6L9RWHC;
				INFOPLIST_FILE = MandalaTests/Info.plist;
				IPHONEOS_DEPLOYMENT_TARGET = 13.2;
				LD_RUNPATH_SEARCH_PATHS = (
					"$(inherited)",
					"@executable_path/Frameworks",
					"@loader_path/Frameworks",
				);
				PRODUCT_BUNDLE_IDENTIFIER = "com.software-al-dente.MandalaTests";
				PRODUCT_NAME = "$(TARGET_NAME)";
				SWIFT_VERSION = 5.0;
				TARGETED_DEVICE_FAMILY = "1,2";
				TEST_HOST = "$(BUILT_PRODUCTS_DIR)/Mandala.app/Mandala";
			};
			name = Release;
		};
		BB4376952482F3330095CDBD /* Debug */ = {
			isa = XCBuildConfiguration;
			buildSettings = {
				ALWAYS_EMBED_SWIFT_STANDARD_LIBRARIES = YES;
				CODE_SIGN_STYLE = Automatic;
				DEVELOPMENT_TEAM = S2U6L9RWHC;
				INFOPLIST_FILE = MandalaUITests/Info.plist;
				LD_RUNPATH_SEARCH_PATHS = (
					"$(inherited)",
					"@executable_path/Frameworks",
					"@loader_path/Frameworks",
				);
				PRODUCT_BUNDLE_IDENTIFIER = "com.software-al-dente.MandalaUITests";
				PRODUCT_NAME = "$(TARGET_NAME)";
				SWIFT_VERSION = 5.0;
				TARGETED_DEVICE_FAMILY = "1,2";
				TEST_TARGET_NAME = Mandala;
			};
			name = Debug;
		};
		BB4376962482F3330095CDBD /* Release */ = {
			isa = XCBuildConfiguration;
			buildSettings = {
				ALWAYS_EMBED_SWIFT_STANDARD_LIBRARIES = YES;
				CODE_SIGN_STYLE = Automatic;
				DEVELOPMENT_TEAM = S2U6L9RWHC;
				INFOPLIST_FILE = MandalaUITests/Info.plist;
				LD_RUNPATH_SEARCH_PATHS = (
					"$(inherited)",
					"@executable_path/Frameworks",
					"@loader_path/Frameworks",
				);
				PRODUCT_BUNDLE_IDENTIFIER = "com.software-al-dente.MandalaUITests";
				PRODUCT_NAME = "$(TARGET_NAME)";
				SWIFT_VERSION = 5.0;
				TARGETED_DEVICE_FAMILY = "1,2";
				TEST_TARGET_NAME = Mandala;
			};
			name = Release;
		};
/* End XCBuildConfiguration section */

/* Begin XCConfigurationList section */
		BB43765F2482F3310095CDBD /* Build configuration list for PBXProject "Mandala" */ = {
			isa = XCConfigurationList;
			buildConfigurations = (
				BB43768C2482F3330095CDBD /* Debug */,
				BB43768D2482F3330095CDBD /* Release */,
			);
			defaultConfigurationIsVisible = 0;
			defaultConfigurationName = Release;
		};
		BB43768E2482F3330095CDBD /* Build configuration list for PBXNativeTarget "Mandala" */ = {
			isa = XCConfigurationList;
			buildConfigurations = (
				BB43768F2482F3330095CDBD /* Debug */,
				BB4376902482F3330095CDBD /* Release */,
			);
			defaultConfigurationIsVisible = 0;
			defaultConfigurationName = Release;
		};
		BB4376912482F3330095CDBD /* Build configuration list for PBXNativeTarget "MandalaTests" */ = {
			isa = XCConfigurationList;
			buildConfigurations = (
				BB4376922482F3330095CDBD /* Debug */,
				BB4376932482F3330095CDBD /* Release */,
			);
			defaultConfigurationIsVisible = 0;
			defaultConfigurationName = Release;
		};
		BB4376942482F3330095CDBD /* Build configuration list for PBXNativeTarget "MandalaUITests" */ = {
			isa = XCConfigurationList;
			buildConfigurations = (
				BB4376952482F3330095CDBD /* Debug */,
				BB4376962482F3330095CDBD /* Release */,
			);
			defaultConfigurationIsVisible = 0;
			defaultConfigurationName = Release;
		};
/* End XCConfigurationList section */
	};
	rootObject = BB43765C2482F3310095CDBD /* Project object */;
}
